<?xml version="1.0" encoding="utf-8"?>
<Project ToolsVersion="4.0" xmlns="http://schemas.microsoft.com/developer/msbuild/2003">
  <ItemGroup>
    <Filter Include="Source Files">
      <UniqueIdentifier>{4FC737F1-C7A5-4376-A066-2A32D752A2FF}</UniqueIdentifier>
      <Extensions>cpp;c;cc;cxx;def;odl;idl;hpj;bat;asm;asmx</Extensions>
    </Filter>
    <Filter Include="Header Files">
      <UniqueIdentifier>{93995380-89BD-4b04-88EB-625FBE52EBFB}</UniqueIdentifier>
      <Extensions>h;hpp;hxx;hm;inl;inc;xsd</Extensions>
    </Filter>
    <Filter Include="Resource Files">
      <UniqueIdentifier>{67DA6AB6-F800-4c08-8B7A-83BB121AAD01}</UniqueIdentifier>
      <Extensions>rc;ico;cur;bmp;dlg;rc2;rct;bin;rgs;gif;jpg;jpeg;jpe;resx;tiff;tif;png;wav;mfcribbon-ms</Extensions>
    </Filter>
  </ItemGroup>
  <ItemGroup>
    <ClInclude Include="inc\p_mysql.h">
      <Filter>Header Files</Filter>
    </ClInclude>
    <ClInclude Include="inc\p_props.h">
      <Filter>Header Files</Filter>
    </ClInclude>
    <ClInclude Include="inc\p_regex.h">
      <Filter>Header Files</Filter>
    </ClInclude>
    <ClInclude Include="inc\p_socket.h">
      <Filter>Header Files</Filter>
    </ClInclude>
    <ClInclude Include="inc\p_stack.h">
      <Filter>Header Files</Filter>
    </ClInclude>
    <ClInclude Include="inc\p_strings.h">
      <Filter>Header Files</Filter>
    </ClInclude>
    <ClInclude Include="inc\p_system.h">
      <Filter>Header Files</Filter>
    </ClInclude>
    <ClInclude Include="inc\params.h">
      <Filter>Header Files</Filter>
    </ClInclude>
    <ClInclude Include="inc\parser.h">
      <Filter>Header Files</Filter>
    </ClInclude>
    <ClInclude Include="inc\patchlevel.h">
      <Filter>Header Files</Filter>
    </ClInclude>
    <ClInclude Include="inc\props.h">
      <Filter>Header Files</Filter>
    </ClInclude>
    <ClInclude Include="inc\reg.h">
      <Filter>Header Files</Filter>
    </ClInclude>
    <ClInclude Include="inc\strings.h">
      <Filter>Header Files</Filter>
    </ClInclude>
    <ClInclude Include="inc\tune.h">
      <Filter>Header Files</Filter>
    </ClInclude>
    <ClInclude Include="inc\version.h">
      <Filter>Header Files</Filter>
    </ClInclude>
    <ClInclude Include="inc\winconf.h">
      <Filter>Header Files</Filter>
    </ClInclude>
    <ClInclude Include="inc\array.h">
      <Filter>Header Files</Filter>
    </ClInclude>
    <ClInclude Include="inc\autoconf.h">
      <Filter>Header Files</Filter>
    </ClInclude>
    <ClInclude Include="inc\cgi.h">
      <Filter>Header Files</Filter>
    </ClInclude>
    <ClInclude Include="inc\config.h">
      <Filter>Header Files</Filter>
    </ClInclude>
    <ClInclude Include="inc\copyright.h">
      <Filter>Header Files</Filter>
    </ClInclude>
    <ClInclude Include="inc\crt_malloc.h">
      <Filter>Header Files</Filter>
    </ClInclude>
    <ClInclude Include="inc\db.h">
      <Filter>Header Files</Filter>
    </ClInclude>
    <ClInclude Include="inc\dbsearch.h">
      <Filter>Header Files</Filter>
    </ClInclude>
    <ClInclude Include="inc\defaults.h">
      <Filter>Header Files</Filter>
    </ClInclude>
    <ClInclude Include="inc\externs.h">
      <Filter>Header Files</Filter>
    </ClInclude>
    <ClInclude Include="inc\inst.h">
      <Filter>Header Files</Filter>
    </ClInclude>
    <ClInclude Include="inc\interface.h">
      <Filter>Header Files</Filter>
    </ClInclude>
    <ClInclude Include="inc\interp.h">
      <Filter>Header Files</Filter>
    </ClInclude>
    <ClInclude Include="inc\maillib.h">
      <Filter>Header Files</Filter>
    </ClInclude>
    <ClInclude Include="inc\match.h">
      <Filter>Header Files</Filter>
    </ClInclude>
    <ClInclude Include="inc\mcp.h">
      <Filter>Header Files</Filter>
    </ClInclude>
    <ClInclude Include="inc\mcpgui.h">
      <Filter>Header Files</Filter>
    </ClInclude>
    <ClInclude Include="inc\mcppkg.h">
      <Filter>Header Files</Filter>
    </ClInclude>
    <ClInclude Include="inc\mfun.h">
      <Filter>Header Files</Filter>
    </ClInclude>
    <ClInclude Include="inc\mfunlist.h">
      <Filter>Header Files</Filter>
    </ClInclude>
    <ClInclude Include="inc\mpi.h">
      <Filter>Header Files</Filter>
    </ClInclude>
    <ClInclude Include="inc\msgparse.h">
      <Filter>Header Files</Filter>
    </ClInclude>
    <ClInclude Include="inc\mufevent.h">
      <Filter>Header Files</Filter>
    </ClInclude>
    <ClInclude Include="inc\nan.h">
      <Filter>Header Files</Filter>
    </ClInclude>
    <ClInclude Include="inc\netresolve.h">
      <Filter>Header Files</Filter>
    </ClInclude>
    <ClInclude Include="inc\newhttp.h">
      <Filter>Header Files</Filter>
    </ClInclude>
    <ClInclude Include="inc\oldcopyright.h">
      <Filter>Header Files</Filter>
    </ClInclude>
    <ClInclude Include="inc\p_array.h">
      <Filter>Header Files</Filter>
    </ClInclude>
    <ClInclude Include="inc\p_connects.h">
      <Filter>Header Files</Filter>
    </ClInclude>
    <ClInclude Include="inc\p_db.h">
      <Filter>Header Files</Filter>
    </ClInclude>
    <ClInclude Include="inc\p_error.h">
      <Filter>Header Files</Filter>
    </ClInclude>
    <ClInclude Include="inc\p_file.h">
      <Filter>Header Files</Filter>
    </ClInclude>
    <ClInclude Include="inc\p_float.h">
      <Filter>Header Files</Filter>
    </ClInclude>
    <ClInclude Include="inc\p_http.h">
      <Filter>Header Files</Filter>
    </ClInclude>
    <ClInclude Include="inc\p_math.h">
      <Filter>Header Files</Filter>
    </ClInclude>
    <ClInclude Include="inc\p_mcp.h">
      <Filter>Header Files</Filter>
    </ClInclude>
    <ClInclude Include="inc\p_misc.h">
      <Filter>Header Files</Filter>
    </ClInclude>
    <ClInclude Include="inc\p_muf.h">
      <Filter>Header Files</Filter>
    </ClInclude>
  </ItemGroup>
  <ItemGroup>
    <ClCompile Include="timestamp.c">
      <Filter>Source Files</Filter>
    </ClCompile>
    <ClCompile Include="tune.c">
      <Filter>Source Files</Filter>
    </ClCompile>
    <ClCompile Include="unparse.c">
      <Filter>Source Files</Filter>
    </ClCompile>
    <ClCompile Include="utils.c">
      <Filter>Source Files</Filter>
    </ClCompile>
    <ClCompile Include="version.c">
      <Filter>Source Files</Filter>
    </ClCompile>
    <ClCompile Include="wiz.c">
      <Filter>Source Files</Filter>
    </ClCompile>
    <ClCompile Include="array.c">
      <Filter>Source Files</Filter>
    </ClCompile>
    <ClCompile Include="boolexp.c">
      <Filter>Source Files</Filter>
    </ClCompile>
    <ClCompile Include="case.c">
      <Filter>Source Files</Filter>
    </ClCompile>
    <ClCompile Include="cgi.c">
      <Filter>Source Files</Filter>
    </ClCompile>
    <ClCompile Include="compile.c">
      <Filter>Source Files</Filter>
    </ClCompile>
    <ClCompile Include="compress.c">
      <Filter>Source Files</Filter>
    </ClCompile>
    <ClCompile Include="copyright.c">
      <Filter>Source Files</Filter>
    </ClCompile>
    <ClCompile Include="create.c">
      <Filter>Source Files</Filter>
    </ClCompile>
    <ClCompile Include="crt_malloc.c">
      <Filter>Source Files</Filter>
    </ClCompile>
    <ClCompile Include="db.c">
      <Filter>Source Files</Filter>
    </ClCompile>
    <ClCompile Include="debugger.c">
      <Filter>Source Files</Filter>
    </ClCompile>
    <ClCompile Include="disassem.c">
      <Filter>Source Files</Filter>
    </ClCompile>
    <ClCompile Include="diskprop.c">
      <Filter>Source Files</Filter>
    </ClCompile>
    <ClCompile Include="edit.c">
      <Filter>Source Files</Filter>
    </ClCompile>
    <ClCompile Include="events.c">
      <Filter>Source Files</Filter>
    </ClCompile>
    <ClCompile Include="game.c">
      <Filter>Source Files</Filter>
    </ClCompile>
    <ClCompile Include="hashtab.c">
      <Filter>Source Files</Filter>
    </ClCompile>
    <ClCompile Include="help.c">
      <Filter>Source Files</Filter>
    </ClCompile>
    <ClCompile Include="inst.c">
      <Filter>Source Files</Filter>
    </ClCompile>
    <ClCompile Include="interface.c">
      <Filter>Source Files</Filter>
    </ClCompile>
    <ClCompile Include="interp.c">
      <Filter>Source Files</Filter>
    </ClCompile>
    <ClCompile Include="log.c">
      <Filter>Source Files</Filter>
    </ClCompile>
    <ClCompile Include="look.c">
      <Filter>Source Files</Filter>
    </ClCompile>
    <ClCompile Include="match.c">
      <Filter>Source Files</Filter>
    </ClCompile>
    <ClCompile Include="mcp.c">
      <Filter>Source Files</Filter>
    </ClCompile>
    <ClCompile Include="mcpgui.c">
      <Filter>Source Files</Filter>
    </ClCompile>
    <ClCompile Include="mcppkgs.c">
      <Filter>Source Files</Filter>
    </ClCompile>
    <ClCompile Include="mfuns.c">
      <Filter>Source Files</Filter>
    </ClCompile>
    <ClCompile Include="mfuns2.c">
      <Filter>Source Files</Filter>
    </ClCompile>
    <ClCompile Include="mfuns3.c">
      <Filter>Source Files</Filter>
    </ClCompile>
    <ClCompile Include="move.c">
      <Filter>Source Files</Filter>
    </ClCompile>
    <ClCompile Include="msgparse.c">
      <Filter>Source Files</Filter>
    </ClCompile>
    <ClCompile Include="mufevent.c">
      <Filter>Source Files</Filter>
    </ClCompile>
    <ClCompile Include="netresolve.c">
      <Filter>Source Files</Filter>
    </ClCompile>
    <ClCompile Include="newhttp.c">
      <Filter>Source Files</Filter>
    </ClCompile>
    <ClCompile Include="oldcompress.c">
      <Filter>Source Files</Filter>
    </ClCompile>
    <ClCompile Include="p_array.c">
      <Filter>Source Files</Filter>
    </ClCompile>
    <ClCompile Include="p_connects.c">
      <Filter>Source Files</Filter>
    </ClCompile>
    <ClCompile Include="p_db.c">
      <Filter>Source Files</Filter>
    </ClCompile>
    <ClCompile Include="p_error.c">
      <Filter>Source Files</Filter>
    </ClCompile>
    <ClCompile Include="p_file.c">
      <Filter>Source Files</Filter>
    </ClCompile>
    <ClCompile Include="p_float.c">
      <Filter>Source Files</Filter>
    </ClCompile>
    <ClCompile Include="p_html.c">
      <Filter>Source Files</Filter>
    </ClCompile>
    <ClCompile Include="p_http.c">
      <Filter>Source Files</Filter>
    </ClCompile>
    <ClCompile Include="p_math.c">
      <Filter>Source Files</Filter>
    </ClCompile>
    <ClCompile Include="p_mcp.c">
      <Filter>Source Files</Filter>
    </ClCompile>
    <ClCompile Include="p_misc.c">
      <Filter>Source Files</Filter>
    </ClCompile>
    <ClCompile Include="p_muf.c">
      <Filter>Source Files</Filter>
    </ClCompile>
    <ClCompile Include="p_mysql.c">
      <Filter>Source Files</Filter>
    </ClCompile>
    <ClCompile Include="p_props.c">
      <Filter>Source Files</Filter>
    </ClCompile>
    <ClCompile Include="p_regex.c">
      <Filter>Source Files</Filter>
    </ClCompile>
    <ClCompile Include="p_socket.c">
      <Filter>Source Files</Filter>
    </ClCompile>
    <ClCompile Include="p_stack.c">
      <Filter>Source Files</Filter>
    </ClCompile>
    <ClCompile Include="p_strings.c">
      <Filter>Source Files</Filter>
    </ClCompile>
    <ClCompile Include="p_system.c">
      <Filter>Source Files</Filter>
    </ClCompile>
    <ClCompile Include="player.c">
      <Filter>Source Files</Filter>
    </ClCompile>
    <ClCompile Include="predicates.c">
      <Filter>Source Files</Filter>
    </ClCompile>
    <ClCompile Include="propdirs.c">
      <Filter>Source Files</Filter>
    </ClCompile>
    <ClCompile Include="property.c">
      <Filter>Source Files</Filter>
    </ClCompile>
    <ClCompile Include="props.c">
      <Filter>Source Files</Filter>
    </ClCompile>
    <ClCompile Include="random.c">
      <Filter>Source Files</Filter>
    </ClCompile>
    <ClCompile Include="reg.c">
      <Filter>Source Files</Filter>
    </ClCompile>
    <ClCompile Include="rob.c">
      <Filter>Source Files</Filter>
    </ClCompile>
    <ClCompile Include="sanity.c">
      <Filter>Source Files</Filter>
    </ClCompile>
    <ClCompile Include="set.c">
      <Filter>Source Files</Filter>
    </ClCompile>
    <ClCompile Include="signal.c">
      <Filter>Source Files</Filter>
    </ClCompile>
    <ClCompile Include="smatch.c">
      <Filter>Source Files</Filter>
    </ClCompile>
    <ClCompile Include="speech.c">
      <Filter>Source Files</Filter>
    </ClCompile>
    <ClCompile Include="strftime.c">
      <Filter>Source Files</Filter>
    </ClCompile>
    <ClCompile Include="stringutil.c">
      <Filter>Source Files</Filter>
    </ClCompile>
    <ClCompile Include="timequeue.c">
      <Filter>Source Files</Filter>
    </ClCompile>
  </ItemGroup>
</Project>